{
  "name": "create-jwk",
  "version": "1.0.0",
  "lockfileVersion": 1,
  "requires": true,
  "dependencies": {
    "jose": {
      "version": "4.3.8",
      "resolved": "https://registry.npmjs.org/jose/-/jose-4.3.8.tgz",
      "integrity": "sha512-dFiqN5FPLNWa/v+J3ShFjV/9sRGickxMbGUbqBrYr+BkrqLOieACaavSi9XmLJXe0Uzd7Cgs1oYtDvDrOyWLgw=="
    }
  }
}
